
Microsoft Visual Studio Solution File, Format Version 12.00
# Visual Studio Version 17
VisualStudioVersion = 17.11.35312.102
MinimumVisualStudioVersion = 10.0.40219.1
Project("{FAE04EC0-301F-11D3-BF4B-00C04F79EFBC}") = "GlobalSolution", "GlobalSolution\GlobalSolution.csproj", "{03CFA674-11F8-40D1-B575-92E34B42ED46}"
EndProject
Global
	GlobalSection(SolutionConfigurationPlatforms) = preSolution
		Debug|Any CPU = Debug|Any CPU
		Release|Any CPU = Release|Any CPU
	EndGlobalSection
	GlobalSection(ProjectConfigurationPlatforms) = postSolution
		{03CFA674-11F8-40D1-B575-92E34B42ED46}.Debug|Any CPU.ActiveCfg = Debug|Any CPU
		{03CFA674-11F8-40D1-B575-92E34B42ED46}.Debug|Any CPU.Build.0 = Debug|Any CPU
		{03CFA674-11F8-40D1-B575-92E34B42ED46}.Release|Any CPU.ActiveCfg = Release|Any CPU
		{03CFA674-11F8-40D1-B575-92E34B42ED46}.Release|Any CPU.Build.0 = Release|Any CPU
	EndGlobalSection
	GlobalSection(SolutionProperties) = preSolution
		HideSolutionNode = FALSE
	EndGlobalSection
	GlobalSection(ExtensibilityGlobals) = postSolution
		SolutionGuid = {B79C3BD0-5A5D-40E3-999F-F896B6AA540E}
	EndGlobalSection
EndGlobal
